
Microsoft Visual Studio Solution File, Format Version 12.00
# Visual Studio Version 17
VisualStudioVersion = 17.7.34003.232
MinimumVisualStudioVersion = 10.0.40219.1
Project("{FAE04EC0-301F-11D3-BF4B-00C04F79EFBC}") = "Obligatorio_Martinatto_Gonzalez", "Obligatorio_Martinatto_Gonzalez\Obligatorio_Martinatto_Gonzalez.csproj", "{BC9BA272-1A3D-4E02-974F-0D8B6D6C7B25}"
EndProject
Project("{FAE04EC0-301F-11D3-BF4B-00C04F79EFBC}") = "ClasesObligatorio", "ClasesObligatorio\ClasesObligatorio.csproj", "{51A69ED8-5CED-4D03-B518-C7E18526C76D}"
EndProject
Global
	GlobalSection(SolutionConfigurationPlatforms) = preSolution
		Debug|Any CPU = Debug|Any CPU
		Release|Any CPU = Release|Any CPU
	EndGlobalSection
	GlobalSection(ProjectConfigurationPlatforms) = postSolution
		{BC9BA272-1A3D-4E02-974F-0D8B6D6C7B25}.Debug|Any CPU.ActiveCfg = Debug|Any CPU
		{BC9BA272-1A3D-4E02-974F-0D8B6D6C7B25}.Debug|Any CPU.Build.0 = Debug|Any CPU
		{BC9BA272-1A3D-4E02-974F-0D8B6D6C7B25}.Release|Any CPU.ActiveCfg = Release|Any CPU
		{BC9BA272-1A3D-4E02-974F-0D8B6D6C7B25}.Release|Any CPU.Build.0 = Release|Any CPU
		{51A69ED8-5CED-4D03-B518-C7E18526C76D}.Debug|Any CPU.ActiveCfg = Debug|Any CPU
		{51A69ED8-5CED-4D03-B518-C7E18526C76D}.Debug|Any CPU.Build.0 = Debug|Any CPU
		{51A69ED8-5CED-4D03-B518-C7E18526C76D}.Release|Any CPU.ActiveCfg = Release|Any CPU
		{51A69ED8-5CED-4D03-B518-C7E18526C76D}.Release|Any CPU.Build.0 = Release|Any CPU
	EndGlobalSection
	GlobalSection(SolutionProperties) = preSolution
		HideSolutionNode = FALSE
	EndGlobalSection
	GlobalSection(ExtensibilityGlobals) = postSolution
		SolutionGuid = {09679A74-2EF9-46D3-A93A-7C6F1B790073}
	EndGlobalSection
EndGlobal
